
Microsoft Visual Studio Solution File, Format Version 12.00
# Visual Studio Version 16
VisualStudioVersion = 16.0.29613.14
MinimumVisualStudioVersion = 10.0.40219.1
Project("{8BC9CEB8-8B4A-11D0-8D11-00A0C91BC942}") = "Console reservation", "Console reservation.vcxproj", "{315DEC01-7850-4838-851E-BB40D43EC5E4}"
EndProject
Global
	GlobalSection(SolutionConfigurationPlatforms) = preSolution
		Debug|x64 = Debug|x64
		Debug|x86 = Debug|x86
		Release|x64 = Release|x64
		Release|x86 = Release|x86
	EndGlobalSection
	GlobalSection(ProjectConfigurationPlatforms) = postSolution
		{315DEC01-7850-4838-851E-BB40D43EC5E4}.Debug|x64.ActiveCfg = Debug|x64
		{315DEC01-7850-4838-851E-BB40D43EC5E4}.Debug|x64.Build.0 = Debug|x64
		{315DEC01-7850-4838-851E-BB40D43EC5E4}.Debug|x86.ActiveCfg = Debug|Win32
		{315DEC01-7850-4838-851E-BB40D43EC5E4}.Debug|x86.Build.0 = Debug|Win32
		{315DEC01-7850-4838-851E-BB40D43EC5E4}.Release|x64.ActiveCfg = Release|x64
		{315DEC01-7850-4838-851E-BB40D43EC5E4}.Release|x64.Build.0 = Release|x64
		{315DEC01-7850-4838-851E-BB40D43EC5E4}.Release|x86.ActiveCfg = Release|Win32
		{315DEC01-7850-4838-851E-BB40D43EC5E4}.Release|x86.Build.0 = Release|Win32
	EndGlobalSection
	GlobalSection(SolutionProperties) = preSolution
		HideSolutionNode = FALSE
	EndGlobalSection
	GlobalSection(ExtensibilityGlobals) = postSolution
		SolutionGuid = {6CAF2C70-6174-4E29-A169-58BBB880F88A}
	EndGlobalSection
EndGlobal
